
Microsoft Visual Studio Solution File, Format Version 12.00
# Visual Studio Version 17
VisualStudioVersion = 17.2.32526.322
MinimumVisualStudioVersion = 10.0.40219.1
Project("{FAE04EC0-301F-11D3-BF4B-00C04F79EFBC}") = "Coreyeni", "Coreyeni\Coreyeni.csproj", "{D14EF213-5001-44EA-A19A-187E93F9E245}"
EndProject
Global
	GlobalSection(SolutionConfigurationPlatforms) = preSolution
		Debug|Any CPU = Debug|Any CPU
		Release|Any CPU = Release|Any CPU
	EndGlobalSection
	GlobalSection(ProjectConfigurationPlatforms) = postSolution
		{D14EF213-5001-44EA-A19A-187E93F9E245}.Debug|Any CPU.ActiveCfg = Debug|Any CPU
		{D14EF213-5001-44EA-A19A-187E93F9E245}.Debug|Any CPU.Build.0 = Debug|Any CPU
		{D14EF213-5001-44EA-A19A-187E93F9E245}.Release|Any CPU.ActiveCfg = Release|Any CPU
		{D14EF213-5001-44EA-A19A-187E93F9E245}.Release|Any CPU.Build.0 = Release|Any CPU
	EndGlobalSection
	GlobalSection(SolutionProperties) = preSolution
		HideSolutionNode = FALSE
	EndGlobalSection
	GlobalSection(ExtensibilityGlobals) = postSolution
		SolutionGuid = {33B30CD3-6D94-4802-8BF9-F235905D02BF}
	EndGlobalSection
EndGlobal
